
Microsoft Visual Studio Solution File, Format Version 12.00
# Visual Studio Version 16
VisualStudioVersion = 16.0.30517.126
MinimumVisualStudioVersion = 10.0.40219.1
Project("{FAE04EC0-301F-11D3-BF4B-00C04F79EFBC}") = "SalesWebMvc", "SalesWebMvc\SalesWebMvc.csproj", "{DFDC1915-2AFB-433C-9F08-36CC97C9FDB8}"
EndProject
Global
	GlobalSection(SolutionConfigurationPlatforms) = preSolution
		Debug|Any CPU = Debug|Any CPU
		Release|Any CPU = Release|Any CPU
	EndGlobalSection
	GlobalSection(ProjectConfigurationPlatforms) = postSolution
		{DFDC1915-2AFB-433C-9F08-36CC97C9FDB8}.Debug|Any CPU.ActiveCfg = Debug|Any CPU
		{DFDC1915-2AFB-433C-9F08-36CC97C9FDB8}.Debug|Any CPU.Build.0 = Debug|Any CPU
		{DFDC1915-2AFB-433C-9F08-36CC97C9FDB8}.Release|Any CPU.ActiveCfg = Release|Any CPU
		{DFDC1915-2AFB-433C-9F08-36CC97C9FDB8}.Release|Any CPU.Build.0 = Release|Any CPU
	EndGlobalSection
	GlobalSection(SolutionProperties) = preSolution
		HideSolutionNode = FALSE
	EndGlobalSection
	GlobalSection(ExtensibilityGlobals) = postSolution
		SolutionGuid = {EC5DC653-EA41-451E-A5F4-354B4DC744DF}
	EndGlobalSection
EndGlobal
